// !$*UTF8*$!
{
	archiveVersion = 1;
	classes = {
	};
	objectVersion = 56;
	objects = {

/* Begin PBXBuildFile section */
		A00E012528E6B0C1009D0C65 /* ContentView.swift in Sources */ = {isa = PBXBuildFile; fileRef = A00E012428E6B0C1009D0C65 /* ContentView.swift */; };
		A00E012728E6B0C2009D0C65 /* Assets.xcassets in Resources */ = {isa = PBXBuildFile; fileRef = A00E012628E6B0C2009D0C65 /* Assets.xcassets */; };
		A00E012B28E6B0C2009D0C65 /* Preview Assets.xcassets in Resources */ = {isa = PBXBuildFile; fileRef = A00E012A28E6B0C2009D0C65 /* Preview Assets.xcassets */; };
		A00E013528E6B0C2009D0C65 /* TICTACTOETests.swift in Sources */ = {isa = PBXBuildFile; fileRef = A00E013428E6B0C2009D0C65 /* TICTACTOETests.swift */; };
		A00E013F28E6B0C2009D0C65 /* TICTACTOEUITests.swift in Sources */ = {isa = PBXBuildFile; fileRef = A00E013E28E6B0C2009D0C65 /* TICTACTOEUITests.swift */; };
		A00E014128E6B0C2009D0C65 /* TICTACTOEUITestsLaunchTests.swift in Sources */ = {isa = PBXBuildFile; fileRef = A00E014028E6B0C2009D0C65 /* TICTACTOEUITestsLaunchTests.swift */; };
		A00E014E28E6B186009D0C65 /* SquareView.swift in Sources */ = {isa = PBXBuildFile; fileRef = A00E014D28E6B186009D0C65 /* SquareView.swift */; };
		A00E015028E6B1DD009D0C65 /* TickityTacTowApp.swift in Sources */ = {isa = PBXBuildFile; fileRef = A00E014F28E6B1DD009D0C65 /* TickityTacTowApp.swift */; };
		A00E015228E6B20C009D0C65 /* TicTacToeModel.swift in Sources */ = {isa = PBXBuildFile; fileRef = A00E015128E6B20C009D0C65 /* TicTacToeModel.swift */; };
		A09CB4DC28E6E76900C0E18D /* tic-tac-toe-pattern-background_1242337.jpeg in Resources */ = {isa = PBXBuildFile; fileRef = A09CB4DB28E6E76900C0E18D /* tic-tac-toe-pattern-background_1242337.jpeg */; };
		A09CB4DD28E6E76900C0E18D /* tic-tac-toe-pattern-background_1242337.jpeg in Resources */ = {isa = PBXBuildFile; fileRef = A09CB4DB28E6E76900C0E18D /* tic-tac-toe-pattern-background_1242337.jpeg */; };
		A09CB4DE28E6E76900C0E18D /* tic-tac-toe-pattern-background_1242337.jpeg in Resources */ = {isa = PBXBuildFile; fileRef = A09CB4DB28E6E76900C0E18D /* tic-tac-toe-pattern-background_1242337.jpeg */; };
/* End PBXBuildFile section */

/* Begin PBXContainerItemProxy section */
		A00E013128E6B0C2009D0C65 /* PBXContainerItemProxy */ = {
			isa = PBXContainerItemProxy;
			containerPortal = A00E011728E6B0C1009D0C65 /* Project object */;
			proxyType = 1;
			remoteGlobalIDString = A00E011E28E6B0C1009D0C65;
			remoteInfo = TICTACTOE;
		};
		A00E013B28E6B0C2009D0C65 /* PBXContainerItemProxy */ = {
			isa = PBXContainerItemProxy;
			containerPortal = A00E011728E6B0C1009D0C65 /* Project object */;
			proxyType = 1;
			remoteGlobalIDString = A00E011E28E6B0C1009D0C65;
			remoteInfo = TICTACTOE;
		};
/* End PBXContainerItemProxy section */

/* Begin PBXFileReference section */
		A00E011F28E6B0C1009D0C65 /* TICTACTOE.app */ = {isa = PBXFileReference; explicitFileType = wrapper.application; includeInIndex = 0; path = TICTACTOE.app; sourceTree = BUILT_PRODUCTS_DIR; };
		A00E012428E6B0C1009D0C65 /* ContentView.swift */ = {isa = PBXFileReference; lastKnownFileType = sourcecode.swift; path = ContentView.swift; sourceTree = "<group>"; };
		A00E012628E6B0C2009D0C65 /* Assets.xcassets */ = {isa = PBXFileReference; lastKnownFileType = folder.assetcatalog; path = Assets.xcassets; sourceTree = "<group>"; };
		A00E012828E6B0C2009D0C65 /* TICTACTOE.entitlements */ = {isa = PBXFileReference; lastKnownFileType = text.plist.entitlements; path = TICTACTOE.entitlements; sourceTree = "<group>"; };
		A00E012A28E6B0C2009D0C65 /* Preview Assets.xcassets */ = {isa = PBXFileReference; lastKnownFileType = folder.assetcatalog; path = "Preview Assets.xcassets"; sourceTree = "<group>"; };
		A00E013028E6B0C2009D0C65 /* TICTACTOETests.xctest */ = {isa = PBXFileReference; explicitFileType = wrapper.cfbundle; includeInIndex = 0; path = TICTACTOETests.xctest; sourceTree = BUILT_PRODUCTS_DIR; };
		A00E013428E6B0C2009D0C65 /* TICTACTOETests.swift */ = {isa = PBXFileReference; lastKnownFileType = sourcecode.swift; path = TICTACTOETests.swift; sourceTree = "<group>"; };
		A00E013A28E6B0C2009D0C65 /* TICTACTOEUITests.xctest */ = {isa = PBXFileReference; explicitFileType = wrapper.cfbundle; includeInIndex = 0; path = TICTACTOEUITests.xctest; sourceTree = BUILT_PRODUCTS_DIR; };
		A00E013E28E6B0C2009D0C65 /* TICTACTOEUITests.swift */ = {isa = PBXFileReference; lastKnownFileType = sourcecode.swift; path = TICTACTOEUITests.swift; sourceTree = "<group>"; };
		A00E014028E6B0C2009D0C65 /* TICTACTOEUITestsLaunchTests.swift */ = {isa = PBXFileReference; lastKnownFileType = sourcecode.swift; path = TICTACTOEUITestsLaunchTests.swift; sourceTree = "<group>"; };
		A00E014D28E6B186009D0C65 /* SquareView.swift */ = {isa = PBXFileReference; lastKnownFileType = sourcecode.swift; path = SquareView.swift; sourceTree = "<group>"; };
		A00E014F28E6B1DD009D0C65 /* TickityTacTowApp.swift */ = {isa = PBXFileReference; lastKnownFileType = sourcecode.swift; path = TickityTacTowApp.swift; sourceTree = "<group>"; };
		A00E015128E6B20C009D0C65 /* TicTacToeModel.swift */ = {isa = PBXFileReference; lastKnownFileType = sourcecode.swift; path = TicTacToeModel.swift; sourceTree = "<group>"; };
		A09CB4DB28E6E76900C0E18D /* tic-tac-toe-pattern-background_1242337.jpeg */ = {isa = PBXFileReference; lastKnownFileType = image.jpeg; path = "tic-tac-toe-pattern-background_1242337.jpeg"; sourceTree = "<group>"; };
/* End PBXFileReference section */

/* Begin PBXFrameworksBuildPhase section */
		A00E011C28E6B0C1009D0C65 /* Frameworks */ = {
			isa = PBXFrameworksBuildPhase;
			buildActionMask = 2147483647;
			files = (
			);
			runOnlyForDeploymentPostprocessing = 0;
		};
		A00E012D28E6B0C2009D0C65 /* Frameworks */ = {
			isa = PBXFrameworksBuildPhase;
			buildActionMask = 2147483647;
			files = (
			);
			runOnlyForDeploymentPostprocessing = 0;
		};
		A00E013728E6B0C2009D0C65 /* Frameworks */ = {
			isa = PBXFrameworksBuildPhase;
			buildActionMask = 2147483647;
			files = (
			);
			runOnlyForDeploymentPostprocessing = 0;
		};
/* End PBXFrameworksBuildPhase section */

/* Begin PBXGroup section */
		A00E011628E6B0C1009D0C65 = {
			isa = PBXGroup;
			children = (
				A00E012128E6B0C1009D0C65 /* TICTACTOE */,
				A00E013328E6B0C2009D0C65 /* TICTACTOETests */,
				A00E013D28E6B0C2009D0C65 /* TICTACTOEUITests */,
				A00E012028E6B0C1009D0C65 /* Products */,
			);
			sourceTree = "<group>";
		};
		A00E012028E6B0C1009D0C65 /* Products */ = {
			isa = PBXGroup;
			children = (
				A00E011F28E6B0C1009D0C65 /* TICTACTOE.app */,
				A00E013028E6B0C2009D0C65 /* TICTACTOETests.xctest */,
				A00E013A28E6B0C2009D0C65 /* TICTACTOEUITests.xctest */,
			);
			name = Products;
			sourceTree = "<group>";
		};
		A00E012128E6B0C1009D0C65 /* TICTACTOE */ = {
			isa = PBXGroup;
			children = (
				A00E012428E6B0C1009D0C65 /* ContentView.swift */,
				A00E014D28E6B186009D0C65 /* SquareView.swift */,
				A00E014F28E6B1DD009D0C65 /* TickityTacTowApp.swift */,
				A00E015128E6B20C009D0C65 /* TicTacToeModel.swift */,
				A00E012628E6B0C2009D0C65 /* Assets.xcassets */,
				A00E012828E6B0C2009D0C65 /* TICTACTOE.entitlements */,
				A00E012928E6B0C2009D0C65 /* Preview Content */,
			);
			path = TICTACTOE;
			sourceTree = "<group>";
		};
		A00E012928E6B0C2009D0C65 /* Preview Content */ = {
			isa = PBXGroup;
			children = (
				A00E012A28E6B0C2009D0C65 /* Preview Assets.xcassets */,
				A09CB4DB28E6E76900C0E18D /* tic-tac-toe-pattern-background_1242337.jpeg */,
			);
			path = "Preview Content";
			sourceTree = "<group>";
		};
		A00E013328E6B0C2009D0C65 /* TICTACTOETests */ = {
			isa = PBXGroup;
			children = (
				A00E013428E6B0C2009D0C65 /* TICTACTOETests.swift */,
			);
			path = TICTACTOETests;
			sourceTree = "<group>";
		};
		A00E013D28E6B0C2009D0C65 /* TICTACTOEUITests */ = {
			isa = PBXGroup;
			children = (
				A00E013E28E6B0C2009D0C65 /* TICTACTOEUITests.swift */,
				A00E014028E6B0C2009D0C65 /* TICTACTOEUITestsLaunchTests.swift */,
			);
			path = TICTACTOEUITests;
			sourceTree = "<group>";
		};
/* End PBXGroup section */

/* Begin PBXNativeTarget section */
		A00E011E28E6B0C1009D0C65 /* TICTACTOE */ = {
			isa = PBXNativeTarget;
			buildConfigurationList = A00E014428E6B0C2009D0C65 /* Build configuration list for PBXNativeTarget "TICTACTOE" */;
			buildPhases = (
				A00E011B28E6B0C1009D0C65 /* Sources */,
				A00E011C28E6B0C1009D0C65 /* Frameworks */,
				A00E011D28E6B0C1009D0C65 /* Resources */,
			);
			buildRules = (
			);
			dependencies = (
			);
			name = TICTACTOE;
			productName = TICTACTOE;
			productReference = A00E011F28E6B0C1009D0C65 /* TICTACTOE.app */;
			productType = "com.apple.product-type.application";
		};
		A00E012F28E6B0C2009D0C65 /* TICTACTOETests */ = {
			isa = PBXNativeTarget;
			buildConfigurationList = A00E014728E6B0C2009D0C65 /* Build configuration list for PBXNativeTarget "TICTACTOETests" */;
			buildPhases = (
				A00E012C28E6B0C2009D0C65 /* Sources */,
				A00E012D28E6B0C2009D0C65 /* Frameworks */,
				A00E012E28E6B0C2009D0C65 /* Resources */,
			);
			buildRules = (
			);
			dependencies = (
				A00E013228E6B0C2009D0C65 /* PBXTargetDependency */,
			);
			name = TICTACTOETests;
			productName = TICTACTOETests;
			productReference = A00E013028E6B0C2009D0C65 /* TICTACTOETests.xctest */;
			productType = "com.apple.product-type.bundle.unit-test";
		};
		A00E013928E6B0C2009D0C65 /* TICTACTOEUITests */ = {
			isa = PBXNativeTarget;
			buildConfigurationList = A00E014A28E6B0C2009D0C65 /* Build configuration list for PBXNativeTarget "TICTACTOEUITests" */;
			buildPhases = (
				A00E013628E6B0C2009D0C65 /* Sources */,
				A00E013728E6B0C2009D0C65 /* Frameworks */,
				A00E013828E6B0C2009D0C65 /* Resources */,
			);
			buildRules = (
			);
			dependencies = (
				A00E013C28E6B0C2009D0C65 /* PBXTargetDependency */,
			);
			name = TICTACTOEUITests;
			productName = TICTACTOEUITests;
			productReference = A00E013A28E6B0C2009D0C65 /* TICTACTOEUITests.xctest */;
			productType = "com.apple.product-type.bundle.ui-testing";
		};
/* End PBXNativeTarget section */

/* Begin PBXProject section */
		A00E011728E6B0C1009D0C65 /* Project object */ = {
			isa = PBXProject;
			attributes = {
				BuildIndependentTargetsInParallel = 1;
				LastSwiftUpdateCheck = 1400;
				LastUpgradeCheck = 1400;
				TargetAttributes = {
					A00E011E28E6B0C1009D0C65 = {
						CreatedOnToolsVersion = 14.0;
					};
					A00E012F28E6B0C2009D0C65 = {
						CreatedOnToolsVersion = 14.0;
						TestTargetID = A00E011E28E6B0C1009D0C65;
					};
					A00E013928E6B0C2009D0C65 = {
						CreatedOnToolsVersion = 14.0;
						TestTargetID = A00E011E28E6B0C1009D0C65;
					};
				};
			};
			buildConfigurationList = A00E011A28E6B0C1009D0C65 /* Build configuration list for PBXProject "TICTACTOE" */;
			compatibilityVersion = "Xcode 14.0";
			developmentRegion = en;
			hasScannedForEncodings = 0;
			knownRegions = (
				en,
				Base,
			);
			mainGroup = A00E011628E6B0C1009D0C65;
			productRefGroup = A00E012028E6B0C1009D0C65 /* Products */;
			projectDirPath = "";
			projectRoot = "";
			targets = (
				A00E011E28E6B0C1009D0C65 /* TICTACTOE */,
				A00E012F28E6B0C2009D0C65 /* TICTACTOETests */,
				A00E013928E6B0C2009D0C65 /* TICTACTOEUITests */,
			);
		};
/* End PBXProject section */

/* Begin PBXResourcesBuildPhase section */
		A00E011D28E6B0C1009D0C65 /* Resources */ = {
			isa = PBXResourcesBuildPhase;
			buildActionMask = 2147483647;
			files = (
				A00E012B28E6B0C2009D0C65 /* Preview Assets.xcassets in Resources */,
				A00E012728E6B0C2009D0C65 /* Assets.xcassets in Resources */,
				A09CB4DC28E6E76900C0E18D /* tic-tac-toe-pattern-background_1242337.jpeg in Resources */,
			);
			runOnlyForDeploymentPostprocessing = 0;
		};
		A00E012E28E6B0C2009D0C65 /* Resources */ = {
			isa = PBXResourcesBuildPhase;
			buildActionMask = 2147483647;
			files = (
				A09CB4DD28E6E76900C0E18D /* tic-tac-toe-pattern-background_1242337.jpeg in Resources */,
			);
			runOnlyForDeploymentPostprocessing = 0;
		};
		A00E013828E6B0C2009D0C65 /* Resources */ = {
			isa = PBXResourcesBuildPhase;
			buildActionMask = 2147483647;
			files = (
				A09CB4DE28E6E76900C0E18D /* tic-tac-toe-pattern-background_1242337.jpeg in Resources */,
			);
			runOnlyForDeploymentPostprocessing = 0;
		};
/* End PBXResourcesBuildPhase section */

/* Begin PBXSourcesBuildPhase section */
		A00E011B28E6B0C1009D0C65 /* Sources */ = {
			isa = PBXSourcesBuildPhase;
			buildActionMask = 2147483647;
			files = (
				A00E014E28E6B186009D0C65 /* SquareView.swift in Sources */,
				A00E015028E6B1DD009D0C65 /* TickityTacTowApp.swift in Sources */,
				A00E012528E6B0C1009D0C65 /* ContentView.swift in Sources */,
				A00E015228E6B20C009D0C65 /* TicTacToeModel.swift in Sources */,
			);
			runOnlyForDeploymentPostprocessing = 0;
		};
		A00E012C28E6B0C2009D0C65 /* Sources */ = {
			isa = PBXSourcesBuildPhase;
			buildActionMask = 2147483647;
			files = (
				A00E013528E6B0C2009D0C65 /* TICTACTOETests.swift in Sources */,
			);
			runOnlyForDeploymentPostprocessing = 0;
		};
		A00E013628E6B0C2009D0C65 /* Sources */ = {
			isa = PBXSourcesBuildPhase;
			buildActionMask = 2147483647;
			files = (
				A00E013F28E6B0C2009D0C65 /* TICTACTOEUITests.swift in Sources */,
				A00E014128E6B0C2009D0C65 /* TICTACTOEUITestsLaunchTests.swift in Sources */,
			);
			runOnlyForDeploymentPostprocessing = 0;
		};
/* End PBXSourcesBuildPhase section */

/* Begin PBXTargetDependency section */
		A00E013228E6B0C2009D0C65 /* PBXTargetDependency */ = {
			isa = PBXTargetDependency;
			target = A00E011E28E6B0C1009D0C65 /* TICTACTOE */;
			targetProxy = A00E013128E6B0C2009D0C65 /* PBXContainerItemProxy */;
		};
		A00E013C28E6B0C2009D0C65 /* PBXTargetDependency */ = {
			isa = PBXTargetDependency;
			target = A00E011E28E6B0C1009D0C65 /* TICTACTOE */;
			targetProxy = A00E013B28E6B0C2009D0C65 /* PBXContainerItemProxy */;
		};
/* End PBXTargetDependency section */

/* Begin XCBuildConfiguration section */
		A00E014228E6B0C2009D0C65 /* Debug */ = {
			isa = XCBuildConfiguration;
			buildSettings = {
				ALWAYS_SEARCH_USER_PATHS = NO;
				CLANG_ANALYZER_NONNULL = YES;
				CLANG_ANALYZER_NUMBER_OBJECT_CONVERSION = YES_AGGRESSIVE;
				CLANG_CXX_LANGUAGE_STANDARD = "gnu++20";
				CLANG_ENABLE_MODULES = YES;
				CLANG_ENABLE_OBJC_ARC = YES;
				CLANG_ENABLE_OBJC_WEAK = YES;
				CLANG_WARN_BLOCK_CAPTURE_AUTORELEASING = YES;
				CLANG_WARN_BOOL_CONVERSION = YES;
				CLANG_WARN_COMMA = YES;
				CLANG_WARN_CONSTANT_CONVERSION = YES;
				CLANG_WARN_DEPRECATED_OBJC_IMPLEMENTATIONS = YES;
				CLANG_WARN_DIRECT_OBJC_ISA_USAGE = YES_ERROR;
				CLANG_WARN_DOCUMENTATION_COMMENTS = YES;
				CLANG_WARN_EMPTY_BODY = YES;
				CLANG_WARN_ENUM_CONVERSION = YES;
				CLANG_WARN_INFINITE_RECURSION = YES;
				CLANG_WARN_INT_CONVERSION = YES;
				CLANG_WARN_NON_LITERAL_NULL_CONVERSION = YES;
				CLANG_WARN_OBJC_IMPLICIT_RETAIN_SELF = YES;
				CLANG_WARN_OBJC_LITERAL_CONVERSION = YES;
				CLANG_WARN_OBJC_ROOT_CLASS = YES_ERROR;
				CLANG_WARN_QUOTED_INCLUDE_IN_FRAMEWORK_HEADER = YES;
				CLANG_WARN_RANGE_LOOP_ANALYSIS = YES;
				CLANG_WARN_STRICT_PROTOTYPES = YES;
				CLANG_WARN_SUSPICIOUS_MOVE = YES;
				CLANG_WARN_UNGUARDED_AVAILABILITY = YES_AGGRESSIVE;
				CLANG_WARN_UNREACHABLE_CODE = YES;
				CLANG_WARN__DUPLICATE_METHOD_MATCH = YES;
				COPY_PHASE_STRIP = NO;
				DEBUG_INFORMATION_FORMAT = dwarf;
				ENABLE_STRICT_OBJC_MSGSEND = YES;
				ENABLE_TESTABILITY = YES;
				GCC_C_LANGUAGE_STANDARD = gnu11;
				GCC_DYNAMIC_NO_PIC = NO;
				GCC_NO_COMMON_BLOCKS = YES;
				GCC_OPTIMIZATION_LEVEL = 0;
				GCC_PREPROCESSOR_DEFINITIONS = (
					"DEBUG=1",
					"$(inherited)",
				);
				GCC_WARN_64_TO_32_BIT_CONVERSION = YES;
				GCC_WARN_ABOUT_RETURN_TYPE = YES_ERROR;
				GCC_WARN_UNDECLARED_SELECTOR = YES;
				GCC_WARN_UNINITIALIZED_AUTOS = YES_AGGRESSIVE;
				GCC_WARN_UNUSED_FUNCTION = YES;
				GCC_WARN_UNUSED_VARIABLE = YES;
				MTL_ENABLE_DEBUG_INFO = INCLUDE_SOURCE;
				MTL_FAST_MATH = YES;
				ONLY_ACTIVE_ARCH = YES;
				SWIFT_ACTIVE_COMPILATION_CONDITIONS = DEBUG;
				SWIFT_OPTIMIZATION_LEVEL = "-Onone";
			};
			name = Debug;
		};
		A00E014328E6B0C2009D0C65 /* Release */ = {
			isa = XCBuildConfiguration;
			buildSettings = {
				ALWAYS_SEARCH_USER_PATHS = NO;
				CLANG_ANALYZER_NONNULL = YES;
				CLANG_ANALYZER_NUMBER_OBJECT_CONVERSION = YES_AGGRESSIVE;
				CLANG_CXX_LANGUAGE_STANDARD = "gnu++20";
				CLANG_ENABLE_MODULES = YES;
				CLANG_ENABLE_OBJC_ARC = YES;
				CLANG_ENABLE_OBJC_WEAK = YES;
				CLANG_WARN_BLOCK_CAPTURE_AUTORELEASING = YES;
				CLANG_WARN_BOOL_CONVERSION = YES;
				CLANG_WARN_COMMA = YES;
				CLANG_WARN_CONSTANT_CONVERSION = YES;
				CLANG_WARN_DEPRECATED_OBJC_IMPLEMENTATIONS = YES;
				CLANG_WARN_DIRECT_OBJC_ISA_USAGE = YES_ERROR;
				CLANG_WARN_DOCUMENTATION_COMMENTS = YES;
				CLANG_WARN_EMPTY_BODY = YES;
				CLANG_WARN_ENUM_CONVERSION = YES;
				CLANG_WARN_INFINITE_RECURSION = YES;
				CLANG_WARN_INT_CONVERSION = YES;
				CLANG_WARN_NON_LITERAL_NULL_CONVERSION = YES;
				CLANG_WARN_OBJC_IMPLICIT_RETAIN_SELF = YES;
				CLANG_WARN_OBJC_LITERAL_CONVERSION = YES;
				CLANG_WARN_OBJC_ROOT_CLASS = YES_ERROR;
				CLANG_WARN_QUOTED_INCLUDE_IN_FRAMEWORK_HEADER = YES;
				CLANG_WARN_RANGE_LOOP_ANALYSIS = YES;
				CLANG_WARN_STRICT_PROTOTYPES = YES;
				CLANG_WARN_SUSPICIOUS_MOVE = YES;
				CLANG_WARN_UNGUARDED_AVAILABILITY = YES_AGGRESSIVE;
				CLANG_WARN_UNREACHABLE_CODE = YES;
				CLANG_WARN__DUPLICATE_METHOD_MATCH = YES;
				COPY_PHASE_STRIP = NO;
				DEBUG_INFORMATION_FORMAT = "dwarf-with-dsym";
				ENABLE_NS_ASSERTIONS = NO;
				ENABLE_STRICT_OBJC_MSGSEND = YES;
				GCC_C_LANGUAGE_STANDARD = gnu11;
				GCC_NO_COMMON_BLOCKS = YES;
				GCC_WARN_64_TO_32_BIT_CONVERSION = YES;
				GCC_WARN_ABOUT_RETURN_TYPE = YES_ERROR;
				GCC_WARN_UNDECLARED_SELECTOR = YES;
				GCC_WARN_UNINITIALIZED_AUTOS = YES_AGGRESSIVE;
				GCC_WARN_UNUSED_FUNCTION = YES;
				GCC_WARN_UNUSED_VARIABLE = YES;
				MTL_ENABLE_DEBUG_INFO = NO;
				MTL_FAST_MATH = YES;
				SWIFT_COMPILATION_MODE = wholemodule;
				SWIFT_OPTIMIZATION_LEVEL = "-O";
			};
			name = Release;
		};
		A00E014528E6B0C2009D0C65 /* Debug */ = {
			isa = XCBuildConfiguration;
			buildSettings = {
				ASSETCATALOG_COMPILER_APPICON_NAME = AppIcon;
				ASSETCATALOG_COMPILER_GLOBAL_ACCENT_COLOR_NAME = AccentColor;
				CODE_SIGN_ENTITLEMENTS = TICTACTOE/TICTACTOE.entitlements;
				CODE_SIGN_STYLE = Automatic;
				CURRENT_PROJECT_VERSION = 1;
				DEVELOPMENT_ASSET_PATHS = "\"TICTACTOE/Preview Content\"";
				DEVELOPMENT_TEAM = 7US44S26ZL;
				ENABLE_HARDENED_RUNTIME = YES;
				ENABLE_PREVIEWS = YES;
				GENERATE_INFOPLIST_FILE = YES;
				"INFOPLIST_KEY_UIApplicationSceneManifest_Generation[sdk=iphoneos*]" = YES;
				"INFOPLIST_KEY_UIApplicationSceneManifest_Generation[sdk=iphonesimulator*]" = YES;
				"INFOPLIST_KEY_UIApplicationSupportsIndirectInputEvents[sdk=iphoneos*]" = YES;
				"INFOPLIST_KEY_UIApplicationSupportsIndirectInputEvents[sdk=iphonesimulator*]" = YES;
				"INFOPLIST_KEY_UILaunchScreen_Generation[sdk=iphoneos*]" = YES;
				"INFOPLIST_KEY_UILaunchScreen_Generation[sdk=iphonesimulator*]" = YES;
				"INFOPLIST_KEY_UIStatusBarStyle[sdk=iphoneos*]" = UIStatusBarStyleDefault;
				"INFOPLIST_KEY_UIStatusBarStyle[sdk=iphonesimulator*]" = UIStatusBarStyleDefault;
				INFOPLIST_KEY_UISupportedInterfaceOrientations_iPad = "UIInterfaceOrientationPortrait UIInterfaceOrientationPortraitUpsideDown UIInterfaceOrientationLandscapeLeft UIInterfaceOrientationLandscapeRight";
				INFOPLIST_KEY_UISupportedInterfaceOrientations_iPhone = "UIInterfaceOrientationPortrait UIInterfaceOrientationLandscapeLeft UIInterfaceOrientationLandscapeRight";
				IPHONEOS_DEPLOYMENT_TARGET = 15.0;
				LD_RUNPATH_SEARCH_PATHS = "@executable_path/Frameworks";
				"LD_RUNPATH_SEARCH_PATHS[sdk=macosx*]" = "@executable_path/../Frameworks";
				MACOSX_DEPLOYMENT_TARGET = 12.3;
				MARKETING_VERSION = 1.0;
				PRODUCT_BUNDLE_IDENTIFIER = com.ekam.TICTACTOE;
				PRODUCT_NAME = "$(TARGET_NAME)";
				SDKROOT = auto;
				SUPPORTED_PLATFORMS = "iphoneos iphonesimulator macosx";
				SWIFT_EMIT_LOC_STRINGS = YES;
				SWIFT_VERSION = 5.0;
				TARGETED_DEVICE_FAMILY = "1,2";
			};
			name = Debug;
		};
		A00E014628E6B0C2009D0C65 /* Release */ = {
			isa = XCBuildConfiguration;
			buildSettings = {
				ASSETCATALOG_COMPILER_APPICON_NAME = AppIcon;
				ASSETCATALOG_COMPILER_GLOBAL_ACCENT_COLOR_NAME = AccentColor;
				CODE_SIGN_ENTITLEMENTS = TICTACTOE/TICTACTOE.entitlements;
				CODE_SIGN_STYLE = Automatic;
				CURRENT_PROJECT_VERSION = 1;
				DEVELOPMENT_ASSET_PATHS = "\"TICTACTOE/Preview Content\"";
				DEVELOPMENT_TEAM = 7US44S26ZL;
				ENABLE_HARDENED_RUNTIME = YES;
				ENABLE_PREVIEWS = YES;
				GENERATE_INFOPLIST_FILE = YES;
				"INFOPLIST_KEY_UIApplicationSceneManifest_Generation[sdk=iphoneos*]" = YES;
				"INFOPLIST_KEY_UIApplicationSceneManifest_Generation[sdk=iphonesimulator*]" = YES;
				"INFOPLIST_KEY_UIApplicationSupportsIndirectInputEvents[sdk=iphoneos*]" = YES;
				"INFOPLIST_KEY_UIApplicationSupportsIndirectInputEvents[sdk=iphonesimulator*]" = YES;
				"INFOPLIST_KEY_UILaunchScreen_Generation[sdk=iphoneos*]" = YES;
				"INFOPLIST_KEY_UILaunchScreen_Generation[sdk=iphonesimulator*]" = YES;
				"INFOPLIST_KEY_UIStatusBarStyle[sdk=iphoneos*]" = UIStatusBarStyleDefault;
				"INFOPLIST_KEY_UIStatusBarStyle[sdk=iphonesimulator*]" = UIStatusBarStyleDefault;
				INFOPLIST_KEY_UISupportedInterfaceOrientations_iPad = "UIInterfaceOrientationPortrait UIInterfaceOrientationPortraitUpsideDown UIInterfaceOrientationLandscapeLeft UIInterfaceOrientationLandscapeRight";
				INFOPLIST_KEY_UISupportedInterfaceOrientations_iPhone = "UIInterfaceOrientationPortrait UIInterfaceOrientationLandscapeLeft UIInterfaceOrientationLandscapeRight";
				IPHONEOS_DEPLOYMENT_TARGET = 15.0;
				LD_RUNPATH_SEARCH_PATHS = "@executable_path/Frameworks";
				"LD_RUNPATH_SEARCH_PATHS[sdk=macosx*]" = "@executable_path/../Frameworks";
				MACOSX_DEPLOYMENT_TARGET = 12.3;
				MARKETING_VERSION = 1.0;
				PRODUCT_BUNDLE_IDENTIFIER = com.ekam.TICTACTOE;
				PRODUCT_NAME = "$(TARGET_NAME)";
				SDKROOT = auto;
				SUPPORTED_PLATFORMS = "iphoneos iphonesimulator macosx";
				SWIFT_EMIT_LOC_STRINGS = YES;
				SWIFT_VERSION = 5.0;
				TARGETED_DEVICE_FAMILY = "1,2";
			};
			name = Release;
		};
		A00E014828E6B0C2009D0C65 /* Debug */ = {
			isa = XCBuildConfiguration;
			buildSettings = {
				ALWAYS_EMBED_SWIFT_STANDARD_LIBRARIES = YES;
				BUNDLE_LOADER = "$(TEST_HOST)";
				CODE_SIGN_STYLE = Automatic;
				CURRENT_PROJECT_VERSION = 1;
				DEVELOPMENT_TEAM = 7US44S26ZL;
				GENERATE_INFOPLIST_FILE = YES;
				IPHONEOS_DEPLOYMENT_TARGET = 16.0;
				MACOSX_DEPLOYMENT_TARGET = 12.3;
				MARKETING_VERSION = 1.0;
				PRODUCT_BUNDLE_IDENTIFIER = com.ekam.TICTACTOETests;
				PRODUCT_NAME = "$(TARGET_NAME)";
				SDKROOT = auto;
				SUPPORTED_PLATFORMS = "iphoneos iphonesimulator macosx";
				SWIFT_EMIT_LOC_STRINGS = NO;
				SWIFT_VERSION = 5.0;
				TARGETED_DEVICE_FAMILY = "1,2";
				TEST_HOST = "$(BUILT_PRODUCTS_DIR)/TICTACTOE.app/$(BUNDLE_EXECUTABLE_FOLDER_PATH)/TICTACTOE";
			};
			name = Debug;
		};
		A00E014928E6B0C2009D0C65 /* Release */ = {
			isa = XCBuildConfiguration;
			buildSettings = {
				ALWAYS_EMBED_SWIFT_STANDARD_LIBRARIES = YES;
				BUNDLE_LOADER = "$(TEST_HOST)";
				CODE_SIGN_STYLE = Automatic;
				CURRENT_PROJECT_VERSION = 1;
				DEVELOPMENT_TEAM = 7US44S26ZL;
				GENERATE_INFOPLIST_FILE = YES;
				IPHONEOS_DEPLOYMENT_TARGET = 16.0;
				MACOSX_DEPLOYMENT_TARGET = 12.3;
				MARKETING_VERSION = 1.0;
				PRODUCT_BUNDLE_IDENTIFIER = com.ekam.TICTACTOETests;
				PRODUCT_NAME = "$(TARGET_NAME)";
				SDKROOT = auto;
				SUPPORTED_PLATFORMS = "iphoneos iphonesimulator macosx";
				SWIFT_EMIT_LOC_STRINGS = NO;
				SWIFT_VERSION = 5.0;
				TARGETED_DEVICE_FAMILY = "1,2";
				TEST_HOST = "$(BUILT_PRODUCTS_DIR)/TICTACTOE.app/$(BUNDLE_EXECUTABLE_FOLDER_PATH)/TICTACTOE";
			};
			name = Release;
		};
		A00E014B28E6B0C2009D0C65 /* Debug */ = {
			isa = XCBuildConfiguration;
			buildSettings = {
				ALWAYS_EMBED_SWIFT_STANDARD_LIBRARIES = YES;
				CODE_SIGN_STYLE = Automatic;
				CURRENT_PROJECT_VERSION = 1;
				DEVELOPMENT_TEAM = 7US44S26ZL;
				GENERATE_INFOPLIST_FILE = YES;
				IPHONEOS_DEPLOYMENT_TARGET = 16.0;
				MACOSX_DEPLOYMENT_TARGET = 12.3;
				MARKETING_VERSION = 1.0;
				PRODUCT_BUNDLE_IDENTIFIER = com.ekam.TICTACTOEUITests;
				PRODUCT_NAME = "$(TARGET_NAME)";
				SDKROOT = auto;
				SUPPORTED_PLATFORMS = "iphoneos iphonesimulator macosx";
				SWIFT_EMIT_LOC_STRINGS = NO;
				SWIFT_VERSION = 5.0;
				TARGETED_DEVICE_FAMILY = "1,2";
				TEST_TARGET_NAME = TICTACTOE;
			};
			name = Debug;
		};
		A00E014C28E6B0C2009D0C65 /* Release */ = {
			isa = XCBuildConfiguration;
			buildSettings = {
				ALWAYS_EMBED_SWIFT_STANDARD_LIBRARIES = YES;
				CODE_SIGN_STYLE = Automatic;
				CURRENT_PROJECT_VERSION = 1;
				DEVELOPMENT_TEAM = 7US44S26ZL;
				GENERATE_INFOPLIST_FILE = YES;
				IPHONEOS_DEPLOYMENT_TARGET = 16.0;
				MACOSX_DEPLOYMENT_TARGET = 12.3;
				MARKETING_VERSION = 1.0;
				PRODUCT_BUNDLE_IDENTIFIER = com.ekam.TICTACTOEUITests;
				PRODUCT_NAME = "$(TARGET_NAME)";
				SDKROOT = auto;
				SUPPORTED_PLATFORMS = "iphoneos iphonesimulator macosx";
				SWIFT_EMIT_LOC_STRINGS = NO;
				SWIFT_VERSION = 5.0;
				TARGETED_DEVICE_FAMILY = "1,2";
				TEST_TARGET_NAME = TICTACTOE;
			};
			name = Release;
		};
/* End XCBuildConfiguration section */

/* Begin XCConfigurationList section */
		A00E011A28E6B0C1009D0C65 /* Build configuration list for PBXProject "TICTACTOE" */ = {
			isa = XCConfigurationList;
			buildConfigurations = (
				A00E014228E6B0C2009D0C65 /* Debug */,
				A00E014328E6B0C2009D0C65 /* Release */,
			);
			defaultConfigurationIsVisible = 0;
			defaultConfigurationName = Release;
		};
		A00E014428E6B0C2009D0C65 /* Build configuration list for PBXNativeTarget "TICTACTOE" */ = {
			isa = XCConfigurationList;
			buildConfigurations = (
				A00E014528E6B0C2009D0C65 /* Debug */,
				A00E014628E6B0C2009D0C65 /* Release */,
			);
			defaultConfigurationIsVisible = 0;
			defaultConfigurationName = Release;
		};
		A00E014728E6B0C2009D0C65 /* Build configuration list for PBXNativeTarget "TICTACTOETests" */ = {
			isa = XCConfigurationList;
			buildConfigurations = (
				A00E014828E6B0C2009D0C65 /* Debug */,
				A00E014928E6B0C2009D0C65 /* Release */,
			);
			defaultConfigurationIsVisible = 0;
			defaultConfigurationName = Release;
		};
		A00E014A28E6B0C2009D0C65 /* Build configuration list for PBXNativeTarget "TICTACTOEUITests" */ = {
			isa = XCConfigurationList;
			buildConfigurations = (
				A00E014B28E6B0C2009D0C65 /* Debug */,
				A00E014C28E6B0C2009D0C65 /* Release */,
			);
			defaultConfigurationIsVisible = 0;
			defaultConfigurationName = Release;
		};
/* End XCConfigurationList section */
	};
	rootObject = A00E011728E6B0C1009D0C65 /* Project object */;
}
